{
  "name": "gridsome-blog",
  "requires": true,
  "lockfileVersion": 1,
  "dependencies": {
    "gridsome-plugin-disqus": {
      "version": "1.0.3",
      "resolved": "https://registry.npmjs.org/gridsome-plugin-disqus/-/gridsome-plugin-disqus-1.0.3.tgz",
      "integrity": "sha512-boU9zgvqA2AhNzh8cSbUm9iktoZfm8pJFk/hnVvACqKBmPnFjXzRUrfWY3B5xBldR1aw3rfuWQHbF++gqG+5xA=="
    }
  }
}
