{
  "name": "gridsome-blog",
  "requires": true,
  "lockfileVersion": 1,
  "dependencies": {
    "gridsome-plugin-disqus": {
      "version": "1.0.3",
      "resolved": "https://registry.npmjs.org/gridsome-plugin-disqus/-/gridsome-plugin-disqus-1.0.3.tgz",
      "integrity": "sha512-boU9zgvqA2AhNzh8cSbUm9iktoZfm8pJFk/hnVvACqKBmPnFjXzRUrfWY3B5xBldR1aw3rfuWQHbF++gqG+5xA=="
    },
    "vue": {
      "version": "2.6.11",
      "resolved": "https://registry.npmjs.org/vue/-/vue-2.6.11.tgz",
      "integrity": "sha512-VfPwgcGABbGAue9+sfrD4PuwFar7gPb1yl1UK1MwXoQPAw0BKSqWfoYCT/ThFrdEVWoI51dBuyCoiNU9bZDZxQ=="
    },
    "vue-disqus-embed": {
      "version": "1.0.1",
      "resolved": "https://registry.npmjs.org/vue-disqus-embed/-/vue-disqus-embed-1.0.1.tgz",
      "integrity": "sha512-30WmI/44AsROHgE2WQD494mu+rAwnQk7Juu9TOMFxV+EAZsJq26hKWo482IwtLsEKk1x/3JPnMx25BMpoCut5A==",
      "requires": {
        "vue": "2.6.11"
      }
    }
  }
}
